
Microsoft Visual Studio Solution File, Format Version 12.00
# Visual Studio Version 16
VisualStudioVersion = 16.0.30002.166
MinimumVisualStudioVersion = 10.0.40219.1
Project("{FAE04EC0-301F-11D3-BF4B-00C04F79EFBC}") = "APBD13", "APBD13\APBD13.csproj", "{F2272C75-D8E6-403E-804C-EF84F053FB48}"
EndProject
Global
	GlobalSection(SolutionConfigurationPlatforms) = preSolution
		Debug|Any CPU = Debug|Any CPU
		Release|Any CPU = Release|Any CPU
	EndGlobalSection
	GlobalSection(ProjectConfigurationPlatforms) = postSolution
		{F2272C75-D8E6-403E-804C-EF84F053FB48}.Debug|Any CPU.ActiveCfg = Debug|Any CPU
		{F2272C75-D8E6-403E-804C-EF84F053FB48}.Debug|Any CPU.Build.0 = Debug|Any CPU
		{F2272C75-D8E6-403E-804C-EF84F053FB48}.Release|Any CPU.ActiveCfg = Release|Any CPU
		{F2272C75-D8E6-403E-804C-EF84F053FB48}.Release|Any CPU.Build.0 = Release|Any CPU
	EndGlobalSection
	GlobalSection(SolutionProperties) = preSolution
		HideSolutionNode = FALSE
	EndGlobalSection
	GlobalSection(ExtensibilityGlobals) = postSolution
		SolutionGuid = {54DA038D-2831-4FF7-B7D5-D80A95940F50}
	EndGlobalSection
EndGlobal
